// !$*UTF8*$!
{
	archiveVersion = 1;
	classes = {
	};
	objectVersion = 77;
	objects = {

/* Begin PBXBuildFile section */
		09BE375A08C13A3777A2D950 /* PollingManager.swift in Sources */ = {isa = PBXBuildFile; fileRef = 9D61095381636A87E415A8D1 /* PollingManager.swift */; };
		15801ADE55D2F775DFF6EB91 /* StatusView.swift in Sources */ = {isa = PBXBuildFile; fileRef = 18CAF1B3F83FDF7E78F31E0B /* StatusView.swift */; };
		190B94BBA88A4C05186B269E /* TeardownWizardView.swift in Sources */ = {isa = PBXBuildFile; fileRef = 11F2059C770F3A30E9A9C7B2 /* TeardownWizardView.swift */; };
		1EF2823558C3C26FB0D89684 /* Notifications.swift in Sources */ = {isa = PBXBuildFile; fileRef = 2C020637210337A0A205708B /* Notifications.swift */; };
		27ED18564DA54B92964C7A1E /* CUID2.swift in Sources */ = {isa = PBXBuildFile; fileRef = 6CB5E973C6C29D651846AF41 /* CUID2.swift */; };
		333B81110044EC0AD874E75F /* Assets.xcassets in Resources */ = {isa = PBXBuildFile; fileRef = 44DB8E8E7603B0AA5EC3B1AE /* Assets.xcassets */; };
		36DA16569CC5499530D078B6 /* MdemgClient.swift in Sources */ = {isa = PBXBuildFile; fileRef = D0245CAA64E62CD67570D7ED /* MdemgClient.swift */; };
		3EBA09ACB0014067B7C10FCD /* Formatting.swift in Sources */ = {isa = PBXBuildFile; fileRef = 2ADC2ECD2200F8D7E121F6F8 /* Formatting.swift */; };
		4F19E62A54983A9DC28A34F2 /* SynergyTab.swift in Sources */ = {isa = PBXBuildFile; fileRef = 9DDD937132719E6F1E66070E /* SynergyTab.swift */; };
		5B26434A7547B7BE06DD99EA /* ServerDiscovery.swift in Sources */ = {isa = PBXBuildFile; fileRef = 16828157897CC6E420F9D03F /* ServerDiscovery.swift */; };
		67C52886746CA7CAF002392B /* MdemgMenuBarApp.swift in Sources */ = {isa = PBXBuildFile; fileRef = DAF97793831DAACB3466D0C7 /* MdemgMenuBarApp.swift */; };
		692BB6AC25D76B3F948E01C2 /* InstanceStore.swift in Sources */ = {isa = PBXBuildFile; fileRef = 097CE2DEAF3D12E71F8C4975 /* InstanceStore.swift */; };
		8CCC0343531E3F81409A4C12 /* PreferencesView.swift in Sources */ = {isa = PBXBuildFile; fileRef = D7D398E6E5A1A31149058E44 /* PreferencesView.swift */; };
		969BD6F3CA035ACACC2206F3 /* InstanceManagerView.swift in Sources */ = {isa = PBXBuildFile; fileRef = 239749046B0DC2A86DB7FA57 /* InstanceManagerView.swift */; };
		989D3DF9314DA625019FE0C7 /* MdemgInstance.swift in Sources */ = {isa = PBXBuildFile; fileRef = 9BB8DA8B2CB82913C084DEF4 /* MdemgInstance.swift */; };
		AE0544798709736C2E2E2BB0 /* ServerDiscoveryTests.swift in Sources */ = {isa = PBXBuildFile; fileRef = C35A7221FA0476A97CC32B7F /* ServerDiscoveryTests.swift */; };
		CED189E8DE5D8289E82B4326 /* InstanceScanner.swift in Sources */ = {isa = PBXBuildFile; fileRef = 20E640D4718BE4CCB0541516 /* InstanceScanner.swift */; };
		CEE26BDDD6BEEBD4518B8CAB /* ModelDecodingTests.swift in Sources */ = {isa = PBXBuildFile; fileRef = 660356448AFE1758F7CECE0C /* ModelDecodingTests.swift */; };
		D4931AEB33D10B1C471E60DE /* UpdateChecker.swift in Sources */ = {isa = PBXBuildFile; fileRef = 106973374A3C39378DEBF6D6 /* UpdateChecker.swift */; };
		D65DDB0C11B0036F2148719F /* AppDelegate.swift in Sources */ = {isa = PBXBuildFile; fileRef = 99815CC6D87135AA0359A6DD /* AppDelegate.swift */; };
		D7374AC7E3541A7201630FF2 /* FormattingTests.swift in Sources */ = {isa = PBXBuildFile; fileRef = 929F310B57741496B7C2E147 /* FormattingTests.swift */; };
		DB7279E8266EF49F6B0FF2AF /* CLIExecutor.swift in Sources */ = {isa = PBXBuildFile; fileRef = 1D9783C650B07E405857E177 /* CLIExecutor.swift */; };
		EB94793855A842A30CDD4C0B /* MdemgClientTests.swift in Sources */ = {isa = PBXBuildFile; fileRef = C7F2F887003E6DD87944BCBC /* MdemgClientTests.swift */; };
		FC4A1249749FBDAF9E8C6D84 /* InstanceStoreTests.swift in Sources */ = {isa = PBXBuildFile; fileRef = 99D3FB0C35ABCA66D87A7C3C /* InstanceStoreTests.swift */; };
		FD34921F4219A7CAEA4A8FF4 /* JiminyTab.swift in Sources */ = {isa = PBXBuildFile; fileRef = 406F67D1E868B3D9828719DB /* JiminyTab.swift */; };
/* End PBXBuildFile section */

/* Begin PBXContainerItemProxy section */
		14DD62FDD938EF80ED47BAF9 /* PBXContainerItemProxy */ = {
			isa = PBXContainerItemProxy;
			containerPortal = FDBE7D4AF69851033F50DCA5 /* Project object */;
			proxyType = 1;
			remoteGlobalIDString = B50D56F83B519223E65ED87F;
			remoteInfo = MdemgMenuBar;
		};
/* End PBXContainerItemProxy section */

/* Begin PBXFileReference section */
		097CE2DEAF3D12E71F8C4975 /* InstanceStore.swift */ = {isa = PBXFileReference; lastKnownFileType = sourcecode.swift; path = InstanceStore.swift; sourceTree = "<group>"; };
		106973374A3C39378DEBF6D6 /* UpdateChecker.swift */ = {isa = PBXFileReference; lastKnownFileType = sourcecode.swift; path = UpdateChecker.swift; sourceTree = "<group>"; };
		11F2059C770F3A30E9A9C7B2 /* TeardownWizardView.swift */ = {isa = PBXFileReference; lastKnownFileType = sourcecode.swift; path = TeardownWizardView.swift; sourceTree = "<group>"; };
		16828157897CC6E420F9D03F /* ServerDiscovery.swift */ = {isa = PBXFileReference; lastKnownFileType = sourcecode.swift; path = ServerDiscovery.swift; sourceTree = "<group>"; };
		18CAF1B3F83FDF7E78F31E0B /* StatusView.swift */ = {isa = PBXFileReference; lastKnownFileType = sourcecode.swift; path = StatusView.swift; sourceTree = "<group>"; };
		1D9783C650B07E405857E177 /* CLIExecutor.swift */ = {isa = PBXFileReference; lastKnownFileType = sourcecode.swift; path = CLIExecutor.swift; sourceTree = "<group>"; };
		20E640D4718BE4CCB0541516 /* InstanceScanner.swift */ = {isa = PBXFileReference; lastKnownFileType = sourcecode.swift; path = InstanceScanner.swift; sourceTree = "<group>"; };
		239749046B0DC2A86DB7FA57 /* InstanceManagerView.swift */ = {isa = PBXFileReference; lastKnownFileType = sourcecode.swift; path = InstanceManagerView.swift; sourceTree = "<group>"; };
		2ADC2ECD2200F8D7E121F6F8 /* Formatting.swift */ = {isa = PBXFileReference; lastKnownFileType = sourcecode.swift; path = Formatting.swift; sourceTree = "<group>"; };
		2C020637210337A0A205708B /* Notifications.swift */ = {isa = PBXFileReference; lastKnownFileType = sourcecode.swift; path = Notifications.swift; sourceTree = "<group>"; };
		406F67D1E868B3D9828719DB /* JiminyTab.swift */ = {isa = PBXFileReference; lastKnownFileType = sourcecode.swift; path = JiminyTab.swift; sourceTree = "<group>"; };
		44DB8E8E7603B0AA5EC3B1AE /* Assets.xcassets */ = {isa = PBXFileReference; lastKnownFileType = folder.assetcatalog; path = Assets.xcassets; sourceTree = "<group>"; };
		660356448AFE1758F7CECE0C /* ModelDecodingTests.swift */ = {isa = PBXFileReference; lastKnownFileType = sourcecode.swift; path = ModelDecodingTests.swift; sourceTree = "<group>"; };
		6CB5E973C6C29D651846AF41 /* CUID2.swift */ = {isa = PBXFileReference; lastKnownFileType = sourcecode.swift; path = CUID2.swift; sourceTree = "<group>"; };
		929F310B57741496B7C2E147 /* FormattingTests.swift */ = {isa = PBXFileReference; lastKnownFileType = sourcecode.swift; path = FormattingTests.swift; sourceTree = "<group>"; };
		94D3F4076996C8967480E32F /* MdemgMenuBar.entitlements */ = {isa = PBXFileReference; lastKnownFileType = text.plist.entitlements; path = MdemgMenuBar.entitlements; sourceTree = "<group>"; };
		99815CC6D87135AA0359A6DD /* AppDelegate.swift */ = {isa = PBXFileReference; lastKnownFileType = sourcecode.swift; path = AppDelegate.swift; sourceTree = "<group>"; };
		99D3FB0C35ABCA66D87A7C3C /* InstanceStoreTests.swift */ = {isa = PBXFileReference; lastKnownFileType = sourcecode.swift; path = InstanceStoreTests.swift; sourceTree = "<group>"; };
		9BB8DA8B2CB82913C084DEF4 /* MdemgInstance.swift */ = {isa = PBXFileReference; lastKnownFileType = sourcecode.swift; path = MdemgInstance.swift; sourceTree = "<group>"; };
		9D61095381636A87E415A8D1 /* PollingManager.swift */ = {isa = PBXFileReference; lastKnownFileType = sourcecode.swift; path = PollingManager.swift; sourceTree = "<group>"; };
		9DDD937132719E6F1E66070E /* SynergyTab.swift */ = {isa = PBXFileReference; lastKnownFileType = sourcecode.swift; path = SynergyTab.swift; sourceTree = "<group>"; };
		ACF05A35B31711D52E245A4D /* MdemgMenuBarTests.xctest */ = {isa = PBXFileReference; explicitFileType = wrapper.cfbundle; includeInIndex = 0; path = MdemgMenuBarTests.xctest; sourceTree = BUILT_PRODUCTS_DIR; };
		BC4D876C48526F855F501282 /* MdemgMenuBar.app */ = {isa = PBXFileReference; explicitFileType = wrapper.application; includeInIndex = 0; path = MdemgMenuBar.app; sourceTree = BUILT_PRODUCTS_DIR; };
		C35A7221FA0476A97CC32B7F /* ServerDiscoveryTests.swift */ = {isa = PBXFileReference; lastKnownFileType = sourcecode.swift; path = ServerDiscoveryTests.swift; sourceTree = "<group>"; };
		C7F2F887003E6DD87944BCBC /* MdemgClientTests.swift */ = {isa = PBXFileReference; lastKnownFileType = sourcecode.swift; path = MdemgClientTests.swift; sourceTree = "<group>"; };
		D0245CAA64E62CD67570D7ED /* MdemgClient.swift */ = {isa = PBXFileReference; lastKnownFileType = sourcecode.swift; path = MdemgClient.swift; sourceTree = "<group>"; };
		D7D398E6E5A1A31149058E44 /* PreferencesView.swift */ = {isa = PBXFileReference; lastKnownFileType = sourcecode.swift; path = PreferencesView.swift; sourceTree = "<group>"; };
		DAF97793831DAACB3466D0C7 /* MdemgMenuBarApp.swift */ = {isa = PBXFileReference; lastKnownFileType = sourcecode.swift; path = MdemgMenuBarApp.swift; sourceTree = "<group>"; };
		E7244D7D17871C6728480F0F /* Info.plist */ = {isa = PBXFileReference; lastKnownFileType = text.plist; path = Info.plist; sourceTree = "<group>"; };
/* End PBXFileReference section */

/* Begin PBXGroup section */
		07213E1A3E12FC67ECD9ECF7 /* Models */ = {
			isa = PBXGroup;
			children = (
				9BB8DA8B2CB82913C084DEF4 /* MdemgInstance.swift */,
			);
			path = Models;
			sourceTree = "<group>";
		};
		09495E218A4FB2DB6947A9FB /* MdemgMenuBarTests */ = {
			isa = PBXGroup;
			children = (
				929F310B57741496B7C2E147 /* FormattingTests.swift */,
				99D3FB0C35ABCA66D87A7C3C /* InstanceStoreTests.swift */,
				C7F2F887003E6DD87944BCBC /* MdemgClientTests.swift */,
				660356448AFE1758F7CECE0C /* ModelDecodingTests.swift */,
				C35A7221FA0476A97CC32B7F /* ServerDiscoveryTests.swift */,
			);
			path = MdemgMenuBarTests;
			sourceTree = "<group>";
		};
		1CF50BA648A7F453EBFF17C4 = {
			isa = PBXGroup;
			children = (
				66534387ECB6EAB2194953F4 /* MdemgMenuBar */,
				09495E218A4FB2DB6947A9FB /* MdemgMenuBarTests */,
				7C37A413AF055745EAF14EBA /* Products */,
			);
			sourceTree = "<group>";
		};
		41AB97D2EC57F7F6862ADB7A /* Services */ = {
			isa = PBXGroup;
			children = (
				1D9783C650B07E405857E177 /* CLIExecutor.swift */,
				20E640D4718BE4CCB0541516 /* InstanceScanner.swift */,
				097CE2DEAF3D12E71F8C4975 /* InstanceStore.swift */,
				D0245CAA64E62CD67570D7ED /* MdemgClient.swift */,
				9D61095381636A87E415A8D1 /* PollingManager.swift */,
				16828157897CC6E420F9D03F /* ServerDiscovery.swift */,
				106973374A3C39378DEBF6D6 /* UpdateChecker.swift */,
			);
			path = Services;
			sourceTree = "<group>";
		};
		66534387ECB6EAB2194953F4 /* MdemgMenuBar */ = {
			isa = PBXGroup;
			children = (
				99815CC6D87135AA0359A6DD /* AppDelegate.swift */,
				44DB8E8E7603B0AA5EC3B1AE /* Assets.xcassets */,
				E7244D7D17871C6728480F0F /* Info.plist */,
				94D3F4076996C8967480E32F /* MdemgMenuBar.entitlements */,
				DAF97793831DAACB3466D0C7 /* MdemgMenuBarApp.swift */,
				07213E1A3E12FC67ECD9ECF7 /* Models */,
				41AB97D2EC57F7F6862ADB7A /* Services */,
				F1337FD4D7CBE3DB015B724D /* Utilities */,
				C5910D949400413E156F4A07 /* Views */,
			);
			path = MdemgMenuBar;
			sourceTree = "<group>";
		};
		7C37A413AF055745EAF14EBA /* Products */ = {
			isa = PBXGroup;
			children = (
				BC4D876C48526F855F501282 /* MdemgMenuBar.app */,
				ACF05A35B31711D52E245A4D /* MdemgMenuBarTests.xctest */,
			);
			name = Products;
			sourceTree = "<group>";
		};
		C5910D949400413E156F4A07 /* Views */ = {
			isa = PBXGroup;
			children = (
				239749046B0DC2A86DB7FA57 /* InstanceManagerView.swift */,
				406F67D1E868B3D9828719DB /* JiminyTab.swift */,
				D7D398E6E5A1A31149058E44 /* PreferencesView.swift */,
				18CAF1B3F83FDF7E78F31E0B /* StatusView.swift */,
				9DDD937132719E6F1E66070E /* SynergyTab.swift */,
				11F2059C770F3A30E9A9C7B2 /* TeardownWizardView.swift */,
			);
			path = Views;
			sourceTree = "<group>";
		};
		F1337FD4D7CBE3DB015B724D /* Utilities */ = {
			isa = PBXGroup;
			children = (
				6CB5E973C6C29D651846AF41 /* CUID2.swift */,
				2ADC2ECD2200F8D7E121F6F8 /* Formatting.swift */,
				2C020637210337A0A205708B /* Notifications.swift */,
			);
			path = Utilities;
			sourceTree = "<group>";
		};
/* End PBXGroup section */

/* Begin PBXNativeTarget section */
		95DD797F111959B217E081C3 /* MdemgMenuBarTests */ = {
			isa = PBXNativeTarget;
			buildConfigurationList = 107DABF4E0CFB58D7CBE7CB6 /* Build configuration list for PBXNativeTarget "MdemgMenuBarTests" */;
			buildPhases = (
				50CEF850D55113A20579B978 /* Sources */,
			);
			buildRules = (
			);
			dependencies = (
				6969924C821402C4681928D8 /* PBXTargetDependency */,
			);
			name = MdemgMenuBarTests;
			packageProductDependencies = (
			);
			productName = MdemgMenuBarTests;
			productReference = ACF05A35B31711D52E245A4D /* MdemgMenuBarTests.xctest */;
			productType = "com.apple.product-type.bundle.unit-test";
		};
		B50D56F83B519223E65ED87F /* MdemgMenuBar */ = {
			isa = PBXNativeTarget;
			buildConfigurationList = 8E7ABD7D1CDC84BDBE4E646E /* Build configuration list for PBXNativeTarget "MdemgMenuBar" */;
			buildPhases = (
				3F8B4D2AC216AFB9804FAFCB /* Sources */,
				3C0734ACB3CA303F9B4DD033 /* Resources */,
			);
			buildRules = (
			);
			dependencies = (
			);
			name = MdemgMenuBar;
			packageProductDependencies = (
			);
			productName = MdemgMenuBar;
			productReference = BC4D876C48526F855F501282 /* MdemgMenuBar.app */;
			productType = "com.apple.product-type.application";
		};
/* End PBXNativeTarget section */

/* Begin PBXProject section */
		FDBE7D4AF69851033F50DCA5 /* Project object */ = {
			isa = PBXProject;
			attributes = {
				BuildIndependentTargetsInParallel = YES;
				LastUpgradeCheck = 1500;
				TargetAttributes = {
				};
			};
			buildConfigurationList = 905035499006BC6AE559BFFD /* Build configuration list for PBXProject "MdemgMenuBar" */;
			developmentRegion = en;
			hasScannedForEncodings = 0;
			knownRegions = (
				Base,
				en,
			);
			mainGroup = 1CF50BA648A7F453EBFF17C4;
			minimizedProjectReferenceProxies = 1;
			preferredProjectObjectVersion = 77;
			productRefGroup = 7C37A413AF055745EAF14EBA /* Products */;
			projectDirPath = "";
			projectRoot = "";
			targets = (
				B50D56F83B519223E65ED87F /* MdemgMenuBar */,
				95DD797F111959B217E081C3 /* MdemgMenuBarTests */,
			);
		};
/* End PBXProject section */

/* Begin PBXResourcesBuildPhase section */
		3C0734ACB3CA303F9B4DD033 /* Resources */ = {
			isa = PBXResourcesBuildPhase;
			buildActionMask = 2147483647;
			files = (
				333B81110044EC0AD874E75F /* Assets.xcassets in Resources */,
			);
			runOnlyForDeploymentPostprocessing = 0;
		};
/* End PBXResourcesBuildPhase section */

/* Begin PBXSourcesBuildPhase section */
		3F8B4D2AC216AFB9804FAFCB /* Sources */ = {
			isa = PBXSourcesBuildPhase;
			buildActionMask = 2147483647;
			files = (
				D65DDB0C11B0036F2148719F /* AppDelegate.swift in Sources */,
				DB7279E8266EF49F6B0FF2AF /* CLIExecutor.swift in Sources */,
				27ED18564DA54B92964C7A1E /* CUID2.swift in Sources */,
				3EBA09ACB0014067B7C10FCD /* Formatting.swift in Sources */,
				969BD6F3CA035ACACC2206F3 /* InstanceManagerView.swift in Sources */,
				CED189E8DE5D8289E82B4326 /* InstanceScanner.swift in Sources */,
				692BB6AC25D76B3F948E01C2 /* InstanceStore.swift in Sources */,
				FD34921F4219A7CAEA4A8FF4 /* JiminyTab.swift in Sources */,
				36DA16569CC5499530D078B6 /* MdemgClient.swift in Sources */,
				989D3DF9314DA625019FE0C7 /* MdemgInstance.swift in Sources */,
				67C52886746CA7CAF002392B /* MdemgMenuBarApp.swift in Sources */,
				1EF2823558C3C26FB0D89684 /* Notifications.swift in Sources */,
				09BE375A08C13A3777A2D950 /* PollingManager.swift in Sources */,
				8CCC0343531E3F81409A4C12 /* PreferencesView.swift in Sources */,
				5B26434A7547B7BE06DD99EA /* ServerDiscovery.swift in Sources */,
				15801ADE55D2F775DFF6EB91 /* StatusView.swift in Sources */,
				4F19E62A54983A9DC28A34F2 /* SynergyTab.swift in Sources */,
				190B94BBA88A4C05186B269E /* TeardownWizardView.swift in Sources */,
				D4931AEB33D10B1C471E60DE /* UpdateChecker.swift in Sources */,
			);
			runOnlyForDeploymentPostprocessing = 0;
		};
		50CEF850D55113A20579B978 /* Sources */ = {
			isa = PBXSourcesBuildPhase;
			buildActionMask = 2147483647;
			files = (
				D7374AC7E3541A7201630FF2 /* FormattingTests.swift in Sources */,
				FC4A1249749FBDAF9E8C6D84 /* InstanceStoreTests.swift in Sources */,
				EB94793855A842A30CDD4C0B /* MdemgClientTests.swift in Sources */,
				CEE26BDDD6BEEBD4518B8CAB /* ModelDecodingTests.swift in Sources */,
				AE0544798709736C2E2E2BB0 /* ServerDiscoveryTests.swift in Sources */,
			);
			runOnlyForDeploymentPostprocessing = 0;
		};
/* End PBXSourcesBuildPhase section */

/* Begin PBXTargetDependency section */
		6969924C821402C4681928D8 /* PBXTargetDependency */ = {
			isa = PBXTargetDependency;
			target = B50D56F83B519223E65ED87F /* MdemgMenuBar */;
			targetProxy = 14DD62FDD938EF80ED47BAF9 /* PBXContainerItemProxy */;
		};
/* End PBXTargetDependency section */

/* Begin XCBuildConfiguration section */
		1ED34150EB27BA5495D2009C /* Release */ = {
			isa = XCBuildConfiguration;
			buildSettings = {
				ALWAYS_SEARCH_USER_PATHS = NO;
				CLANG_ANALYZER_NONNULL = YES;
				CLANG_ANALYZER_NUMBER_OBJECT_CONVERSION = YES_AGGRESSIVE;
				CLANG_CXX_LANGUAGE_STANDARD = "gnu++14";
				CLANG_CXX_LIBRARY = "libc++";
				CLANG_ENABLE_MODULES = YES;
				CLANG_ENABLE_OBJC_ARC = YES;
				CLANG_ENABLE_OBJC_WEAK = YES;
				CLANG_WARN_BLOCK_CAPTURE_AUTORELEASING = YES;
				CLANG_WARN_BOOL_CONVERSION = YES;
				CLANG_WARN_COMMA = YES;
				CLANG_WARN_CONSTANT_CONVERSION = YES;
				CLANG_WARN_DEPRECATED_OBJC_IMPLEMENTATIONS = YES;
				CLANG_WARN_DIRECT_OBJC_ISA_USAGE = YES_ERROR;
				CLANG_WARN_DOCUMENTATION_COMMENTS = YES;
				CLANG_WARN_EMPTY_BODY = YES;
				CLANG_WARN_ENUM_CONVERSION = YES;
				CLANG_WARN_INFINITE_RECURSION = YES;
				CLANG_WARN_INT_CONVERSION = YES;
				CLANG_WARN_NON_LITERAL_NULL_CONVERSION = YES;
				CLANG_WARN_OBJC_IMPLICIT_RETAIN_SELF = YES;
				CLANG_WARN_OBJC_LITERAL_CONVERSION = YES;
				CLANG_WARN_OBJC_ROOT_CLASS = YES_ERROR;
				CLANG_WARN_QUOTED_INCLUDE_IN_FRAMEWORK_HEADER = YES;
				CLANG_WARN_RANGE_LOOP_ANALYSIS = YES;
				CLANG_WARN_STRICT_PROTOTYPES = YES;
				CLANG_WARN_SUSPICIOUS_MOVE = YES;
				CLANG_WARN_UNGUARDED_AVAILABILITY = YES_AGGRESSIVE;
				CLANG_WARN_UNREACHABLE_CODE = YES;
				CLANG_WARN__DUPLICATE_METHOD_MATCH = YES;
				COPY_PHASE_STRIP = NO;
				DEBUG_INFORMATION_FORMAT = "dwarf-with-dsym";
				ENABLE_NS_ASSERTIONS = NO;
				ENABLE_STRICT_OBJC_MSGSEND = YES;
				GCC_C_LANGUAGE_STANDARD = gnu11;
				GCC_NO_COMMON_BLOCKS = YES;
				GCC_WARN_64_TO_32_BIT_CONVERSION = YES;
				GCC_WARN_ABOUT_RETURN_TYPE = YES_ERROR;
				GCC_WARN_UNDECLARED_SELECTOR = YES;
				GCC_WARN_UNINITIALIZED_AUTOS = YES_AGGRESSIVE;
				GCC_WARN_UNUSED_FUNCTION = YES;
				GCC_WARN_UNUSED_VARIABLE = YES;
				MACOSX_DEPLOYMENT_TARGET = 13.0;
				MTL_ENABLE_DEBUG_INFO = NO;
				MTL_FAST_MATH = YES;
				PRODUCT_NAME = "$(TARGET_NAME)";
				SDKROOT = macosx;
				SWIFT_COMPILATION_MODE = wholemodule;
				SWIFT_OPTIMIZATION_LEVEL = "-O";
				SWIFT_VERSION = 5.9;
			};
			name = Release;
		};
		28DF8E1D724321CCCC9DA672 /* Debug */ = {
			isa = XCBuildConfiguration;
			buildSettings = {
				ALWAYS_SEARCH_USER_PATHS = NO;
				CLANG_ANALYZER_NONNULL = YES;
				CLANG_ANALYZER_NUMBER_OBJECT_CONVERSION = YES_AGGRESSIVE;
				CLANG_CXX_LANGUAGE_STANDARD = "gnu++14";
				CLANG_CXX_LIBRARY = "libc++";
				CLANG_ENABLE_MODULES = YES;
				CLANG_ENABLE_OBJC_ARC = YES;
				CLANG_ENABLE_OBJC_WEAK = YES;
				CLANG_WARN_BLOCK_CAPTURE_AUTORELEASING = YES;
				CLANG_WARN_BOOL_CONVERSION = YES;
				CLANG_WARN_COMMA = YES;
				CLANG_WARN_CONSTANT_CONVERSION = YES;
				CLANG_WARN_DEPRECATED_OBJC_IMPLEMENTATIONS = YES;
				CLANG_WARN_DIRECT_OBJC_ISA_USAGE = YES_ERROR;
				CLANG_WARN_DOCUMENTATION_COMMENTS = YES;
				CLANG_WARN_EMPTY_BODY = YES;
				CLANG_WARN_ENUM_CONVERSION = YES;
				CLANG_WARN_INFINITE_RECURSION = YES;
				CLANG_WARN_INT_CONVERSION = YES;
				CLANG_WARN_NON_LITERAL_NULL_CONVERSION = YES;
				CLANG_WARN_OBJC_IMPLICIT_RETAIN_SELF = YES;
				CLANG_WARN_OBJC_LITERAL_CONVERSION = YES;
				CLANG_WARN_OBJC_ROOT_CLASS = YES_ERROR;
				CLANG_WARN_QUOTED_INCLUDE_IN_FRAMEWORK_HEADER = YES;
				CLANG_WARN_RANGE_LOOP_ANALYSIS = YES;
				CLANG_WARN_STRICT_PROTOTYPES = YES;
				CLANG_WARN_SUSPICIOUS_MOVE = YES;
				CLANG_WARN_UNGUARDED_AVAILABILITY = YES_AGGRESSIVE;
				CLANG_WARN_UNREACHABLE_CODE = YES;
				CLANG_WARN__DUPLICATE_METHOD_MATCH = YES;
				COPY_PHASE_STRIP = NO;
				DEBUG_INFORMATION_FORMAT = dwarf;
				ENABLE_STRICT_OBJC_MSGSEND = YES;
				ENABLE_TESTABILITY = YES;
				GCC_C_LANGUAGE_STANDARD = gnu11;
				GCC_DYNAMIC_NO_PIC = NO;
				GCC_NO_COMMON_BLOCKS = YES;
				GCC_OPTIMIZATION_LEVEL = 0;
				GCC_PREPROCESSOR_DEFINITIONS = (
					"$(inherited)",
					"DEBUG=1",
				);
				GCC_WARN_64_TO_32_BIT_CONVERSION = YES;
				GCC_WARN_ABOUT_RETURN_TYPE = YES_ERROR;
				GCC_WARN_UNDECLARED_SELECTOR = YES;
				GCC_WARN_UNINITIALIZED_AUTOS = YES_AGGRESSIVE;
				GCC_WARN_UNUSED_FUNCTION = YES;
				GCC_WARN_UNUSED_VARIABLE = YES;
				MACOSX_DEPLOYMENT_TARGET = 13.0;
				MTL_ENABLE_DEBUG_INFO = INCLUDE_SOURCE;
				MTL_FAST_MATH = YES;
				ONLY_ACTIVE_ARCH = YES;
				PRODUCT_NAME = "$(TARGET_NAME)";
				SDKROOT = macosx;
				SWIFT_ACTIVE_COMPILATION_CONDITIONS = DEBUG;
				SWIFT_OPTIMIZATION_LEVEL = "-Onone";
				SWIFT_VERSION = 5.9;
			};
			name = Debug;
		};
		34248919268096E3861F9B24 /* Release */ = {
			isa = XCBuildConfiguration;
			buildSettings = {
				ASSETCATALOG_COMPILER_APPICON_NAME = AppIcon;
				CODE_SIGN_ENTITLEMENTS = MdemgMenuBar/MdemgMenuBar.entitlements;
				CODE_SIGN_IDENTITY = "Apple Development";
				COMBINE_HIDPI_IMAGES = YES;
				INFOPLIST_FILE = MdemgMenuBar/Info.plist;
				LD_RUNPATH_SEARCH_PATHS = (
					"$(inherited)",
					"@executable_path/../Frameworks",
				);
				PRODUCT_BUNDLE_IDENTIFIER = "com.reh3376.mdemg-menubar";
				SDKROOT = macosx;
			};
			name = Release;
		};
		7709A42DE99EF00F887982DB /* Release */ = {
			isa = XCBuildConfiguration;
			buildSettings = {
				BUNDLE_LOADER = "$(TEST_HOST)";
				COMBINE_HIDPI_IMAGES = YES;
				GENERATE_INFOPLIST_FILE = YES;
				LD_RUNPATH_SEARCH_PATHS = (
					"$(inherited)",
					"@executable_path/../Frameworks",
					"@loader_path/../Frameworks",
				);
				PRODUCT_BUNDLE_IDENTIFIER = "com.reh3376.mdemg-menubar-tests";
				SDKROOT = macosx;
				TEST_HOST = "$(BUILT_PRODUCTS_DIR)/MdemgMenuBar.app/Contents/MacOS/MdemgMenuBar";
			};
			name = Release;
		};
		95BF70E6B7C9D7757B018A25 /* Debug */ = {
			isa = XCBuildConfiguration;
			buildSettings = {
				BUNDLE_LOADER = "$(TEST_HOST)";
				COMBINE_HIDPI_IMAGES = YES;
				GENERATE_INFOPLIST_FILE = YES;
				LD_RUNPATH_SEARCH_PATHS = (
					"$(inherited)",
					"@executable_path/../Frameworks",
					"@loader_path/../Frameworks",
				);
				PRODUCT_BUNDLE_IDENTIFIER = "com.reh3376.mdemg-menubar-tests";
				SDKROOT = macosx;
				TEST_HOST = "$(BUILT_PRODUCTS_DIR)/MdemgMenuBar.app/Contents/MacOS/MdemgMenuBar";
			};
			name = Debug;
		};
		D478967FC92305A1FC8A1248 /* Debug */ = {
			isa = XCBuildConfiguration;
			buildSettings = {
				ASSETCATALOG_COMPILER_APPICON_NAME = AppIcon;
				CODE_SIGN_ENTITLEMENTS = MdemgMenuBar/MdemgMenuBar.entitlements;
				CODE_SIGN_IDENTITY = "-";
				COMBINE_HIDPI_IMAGES = YES;
				INFOPLIST_FILE = MdemgMenuBar/Info.plist;
				LD_RUNPATH_SEARCH_PATHS = (
					"$(inherited)",
					"@executable_path/../Frameworks",
				);
				PRODUCT_BUNDLE_IDENTIFIER = "com.reh3376.mdemg-menubar";
				SDKROOT = macosx;
			};
			name = Debug;
		};
/* End XCBuildConfiguration section */

/* Begin XCConfigurationList section */
		107DABF4E0CFB58D7CBE7CB6 /* Build configuration list for PBXNativeTarget "MdemgMenuBarTests" */ = {
			isa = XCConfigurationList;
			buildConfigurations = (
				95BF70E6B7C9D7757B018A25 /* Debug */,
				7709A42DE99EF00F887982DB /* Release */,
			);
			defaultConfigurationIsVisible = 0;
			defaultConfigurationName = Debug;
		};
		8E7ABD7D1CDC84BDBE4E646E /* Build configuration list for PBXNativeTarget "MdemgMenuBar" */ = {
			isa = XCConfigurationList;
			buildConfigurations = (
				D478967FC92305A1FC8A1248 /* Debug */,
				34248919268096E3861F9B24 /* Release */,
			);
			defaultConfigurationIsVisible = 0;
			defaultConfigurationName = Debug;
		};
		905035499006BC6AE559BFFD /* Build configuration list for PBXProject "MdemgMenuBar" */ = {
			isa = XCConfigurationList;
			buildConfigurations = (
				28DF8E1D724321CCCC9DA672 /* Debug */,
				1ED34150EB27BA5495D2009C /* Release */,
			);
			defaultConfigurationIsVisible = 0;
			defaultConfigurationName = Debug;
		};
/* End XCConfigurationList section */
	};
	rootObject = FDBE7D4AF69851033F50DCA5 /* Project object */;
}
